%{"dns": {:hex, :dns, "1.0.1", "1d88187fdf564d937cee202949141090707fd0c9d7fcae903a6878ef24ef5d1e", [], [{:socket, "~> 0.3.12", [hex: :socket, repo: "hexpm", optional: false]}], "hexpm"},
  "mdns": {:hex, :mdns, "0.1.6", "b51b902b15b50e0e1522483c6a5fb073413e3d3d6ef52a44b93a541460b47d29", [], [{:dns, "~> 1.0", [hex: :dns, repo: "hexpm", optional: false]}], "hexpm"},
  "socket": {:hex, :socket, "0.3.12", "4a6543815136503fee67eff0932da1742fad83f84c49130c854114153cc549a6", [], [], "hexpm"}}
